// !$*UTF8*$!
{
	archiveVersion = 1;
	classes = {
	};
	objectVersion = 50;
	objects = {

/* Begin PBXBuildFile section */
		6A640BAC268FFD7900A4CE6A /* Friends_2App.swift in Sources */ = {isa = PBXBuildFile; fileRef = 6A640BAB268FFD7900A4CE6A /* Friends_2App.swift */; };
		6A640BAE268FFD7900A4CE6A /* ContentView.swift in Sources */ = {isa = PBXBuildFile; fileRef = 6A640BAD268FFD7900A4CE6A /* ContentView.swift */; };
		6A640BB0268FFD7B00A4CE6A /* Assets.xcassets in Resources */ = {isa = PBXBuildFile; fileRef = 6A640BAF268FFD7B00A4CE6A /* Assets.xcassets */; };
		6A640BB3268FFD7B00A4CE6A /* Preview Assets.xcassets in Resources */ = {isa = PBXBuildFile; fileRef = 6A640BB2268FFD7B00A4CE6A /* Preview Assets.xcassets */; };
		6A640BBB268FFDB700A4CE6A /* FriendDetailView.swift in Sources */ = {isa = PBXBuildFile; fileRef = 6A640BBA268FFDB700A4CE6A /* FriendDetailView.swift */; };
		6A640BBD268FFE1300A4CE6A /* Friends.swift in Sources */ = {isa = PBXBuildFile; fileRef = 6A640BBC268FFE1300A4CE6A /* Friends.swift */; };
		6A640BC02690138B00A4CE6A /* FriendType.swift in Sources */ = {isa = PBXBuildFile; fileRef = 6A640BBF2690138B00A4CE6A /* FriendType.swift */; };
/* End PBXBuildFile section */

/* Begin PBXFileReference section */
		6A640BA8268FFD7900A4CE6A /* Friends 2.app */ = {isa = PBXFileReference; explicitFileType = wrapper.application; includeInIndex = 0; path = "Friends 2.app"; sourceTree = BUILT_PRODUCTS_DIR; };
		6A640BAB268FFD7900A4CE6A /* Friends_2App.swift */ = {isa = PBXFileReference; lastKnownFileType = sourcecode.swift; path = Friends_2App.swift; sourceTree = "<group>"; };
		6A640BAD268FFD7900A4CE6A /* ContentView.swift */ = {isa = PBXFileReference; lastKnownFileType = sourcecode.swift; path = ContentView.swift; sourceTree = "<group>"; };
		6A640BAF268FFD7B00A4CE6A /* Assets.xcassets */ = {isa = PBXFileReference; lastKnownFileType = folder.assetcatalog; path = Assets.xcassets; sourceTree = "<group>"; };
		6A640BB2268FFD7B00A4CE6A /* Preview Assets.xcassets */ = {isa = PBXFileReference; lastKnownFileType = folder.assetcatalog; path = "Preview Assets.xcassets"; sourceTree = "<group>"; };
		6A640BB4268FFD7B00A4CE6A /* Info.plist */ = {isa = PBXFileReference; lastKnownFileType = text.plist.xml; path = Info.plist; sourceTree = "<group>"; };
		6A640BBA268FFDB700A4CE6A /* FriendDetailView.swift */ = {isa = PBXFileReference; lastKnownFileType = sourcecode.swift; path = FriendDetailView.swift; sourceTree = "<group>"; };
		6A640BBC268FFE1300A4CE6A /* Friends.swift */ = {isa = PBXFileReference; lastKnownFileType = sourcecode.swift; path = Friends.swift; sourceTree = "<group>"; };
		6A640BBF2690138B00A4CE6A /* FriendType.swift */ = {isa = PBXFileReference; lastKnownFileType = sourcecode.swift; path = FriendType.swift; sourceTree = "<group>"; };
/* End PBXFileReference section */

/* Begin PBXFrameworksBuildPhase section */
		6A640BA5268FFD7900A4CE6A /* Frameworks */ = {
			isa = PBXFrameworksBuildPhase;
			buildActionMask = 2147483647;
			files = (
			);
			runOnlyForDeploymentPostprocessing = 0;
		};
/* End PBXFrameworksBuildPhase section */

/* Begin PBXGroup section */
		6A640B9F268FFD7900A4CE6A = {
			isa = PBXGroup;
			children = (
				6A640BAA268FFD7900A4CE6A /* Friends 2 */,
				6A640BA9268FFD7900A4CE6A /* Products */,
			);
			sourceTree = "<group>";
		};
		6A640BA9268FFD7900A4CE6A /* Products */ = {
			isa = PBXGroup;
			children = (
				6A640BA8268FFD7900A4CE6A /* Friends 2.app */,
			);
			name = Products;
			sourceTree = "<group>";
		};
		6A640BAA268FFD7900A4CE6A /* Friends 2 */ = {
			isa = PBXGroup;
			children = (
				6A640BAB268FFD7900A4CE6A /* Friends_2App.swift */,
				6A640BAD268FFD7900A4CE6A /* ContentView.swift */,
				6A640BAF268FFD7B00A4CE6A /* Assets.xcassets */,
				6A640BB4268FFD7B00A4CE6A /* Info.plist */,
				6A640BB1268FFD7B00A4CE6A /* Preview Content */,
				6A640BBA268FFDB700A4CE6A /* FriendDetailView.swift */,
				6A640BBF2690138B00A4CE6A /* FriendType.swift */,
				6A640BBC268FFE1300A4CE6A /* Friends.swift */,
			);
			path = "Friends 2";
			sourceTree = "<group>";
		};
		6A640BB1268FFD7B00A4CE6A /* Preview Content */ = {
			isa = PBXGroup;
			children = (
				6A640BB2268FFD7B00A4CE6A /* Preview Assets.xcassets */,
			);
			path = "Preview Content";
			sourceTree = "<group>";
		};
/* End PBXGroup section */

/* Begin PBXNativeTarget section */
		6A640BA7268FFD7900A4CE6A /* Friends 2 */ = {
			isa = PBXNativeTarget;
			buildConfigurationList = 6A640BB7268FFD7B00A4CE6A /* Build configuration list for PBXNativeTarget "Friends 2" */;
			buildPhases = (
				6A640BA4268FFD7900A4CE6A /* Sources */,
				6A640BA5268FFD7900A4CE6A /* Frameworks */,
				6A640BA6268FFD7900A4CE6A /* Resources */,
			);
			buildRules = (
			);
			dependencies = (
			);
			name = "Friends 2";
			productName = "Friends 2";
			productReference = 6A640BA8268FFD7900A4CE6A /* Friends 2.app */;
			productType = "com.apple.product-type.application";
		};
/* End PBXNativeTarget section */

/* Begin PBXProject section */
		6A640BA0268FFD7900A4CE6A /* Project object */ = {
			isa = PBXProject;
			attributes = {
				LastSwiftUpdateCheck = 1250;
				LastUpgradeCheck = 1250;
				TargetAttributes = {
					6A640BA7268FFD7900A4CE6A = {
						CreatedOnToolsVersion = 12.5.1;
					};
				};
			};
			buildConfigurationList = 6A640BA3268FFD7900A4CE6A /* Build configuration list for PBXProject "Friends 2" */;
			compatibilityVersion = "Xcode 9.3";
			developmentRegion = en;
			hasScannedForEncodings = 0;
			knownRegions = (
				en,
				Base,
			);
			mainGroup = 6A640B9F268FFD7900A4CE6A;
			productRefGroup = 6A640BA9268FFD7900A4CE6A /* Products */;
			projectDirPath = "";
			projectRoot = "";
			targets = (
				6A640BA7268FFD7900A4CE6A /* Friends 2 */,
			);
		};
/* End PBXProject section */

/* Begin PBXResourcesBuildPhase section */
		6A640BA6268FFD7900A4CE6A /* Resources */ = {
			isa = PBXResourcesBuildPhase;
			buildActionMask = 2147483647;
			files = (
				6A640BB3268FFD7B00A4CE6A /* Preview Assets.xcassets in Resources */,
				6A640BB0268FFD7B00A4CE6A /* Assets.xcassets in Resources */,
			);
			runOnlyForDeploymentPostprocessing = 0;
		};
/* End PBXResourcesBuildPhase section */

/* Begin PBXSourcesBuildPhase section */
		6A640BA4268FFD7900A4CE6A /* Sources */ = {
			isa = PBXSourcesBuildPhase;
			buildActionMask = 2147483647;
			files = (
				6A640BC02690138B00A4CE6A /* FriendType.swift in Sources */,
				6A640BBB268FFDB700A4CE6A /* FriendDetailView.swift in Sources */,
				6A640BAE268FFD7900A4CE6A /* ContentView.swift in Sources */,
				6A640BAC268FFD7900A4CE6A /* Friends_2App.swift in Sources */,
				6A640BBD268FFE1300A4CE6A /* Friends.swift in Sources */,
			);
			runOnlyForDeploymentPostprocessing = 0;
		};
/* End PBXSourcesBuildPhase section */

/* Begin XCBuildConfiguration section */
		6A640BB5268FFD7B00A4CE6A /* Debug */ = {
			isa = XCBuildConfiguration;
			buildSettings = {
				ALWAYS_SEARCH_USER_PATHS = NO;
				CLANG_ANALYZER_NONNULL = YES;
				CLANG_ANALYZER_NUMBER_OBJECT_CONVERSION = YES_AGGRESSIVE;
				CLANG_CXX_LANGUAGE_STANDARD = "gnu++14";
				CLANG_CXX_LIBRARY = "libc++";
				CLANG_ENABLE_MODULES = YES;
				CLANG_ENABLE_OBJC_ARC = YES;
				CLANG_ENABLE_OBJC_WEAK = YES;
				CLANG_WARN_BLOCK_CAPTURE_AUTORELEASING = YES;
				CLANG_WARN_BOOL_CONVERSION = YES;
				CLANG_WARN_COMMA = YES;
				CLANG_WARN_CONSTANT_CONVERSION = YES;
				CLANG_WARN_DEPRECATED_OBJC_IMPLEMENTATIONS = YES;
				CLANG_WARN_DIRECT_OBJC_ISA_USAGE = YES_ERROR;
				CLANG_WARN_DOCUMENTATION_COMMENTS = YES;
				CLANG_WARN_EMPTY_BODY = YES;
				CLANG_WARN_ENUM_CONVERSION = YES;
				CLANG_WARN_INFINITE_RECURSION = YES;
				CLANG_WARN_INT_CONVERSION = YES;
				CLANG_WARN_NON_LITERAL_NULL_CONVERSION = YES;
				CLANG_WARN_OBJC_IMPLICIT_RETAIN_SELF = YES;
				CLANG_WARN_OBJC_LITERAL_CONVERSION = YES;
				CLANG_WARN_OBJC_ROOT_CLASS = YES_ERROR;
				CLANG_WARN_QUOTED_INCLUDE_IN_FRAMEWORK_HEADER = YES;
				CLANG_WARN_RANGE_LOOP_ANALYSIS = YES;
				CLANG_WARN_STRICT_PROTOTYPES = YES;
				CLANG_WARN_SUSPICIOUS_MOVE = YES;
				CLANG_WARN_UNGUARDED_AVAILABILITY = YES_AGGRESSIVE;
				CLANG_WARN_UNREACHABLE_CODE = YES;
				CLANG_WARN__DUPLICATE_METHOD_MATCH = YES;
				COPY_PHASE_STRIP = NO;
				DEBUG_INFORMATION_FORMAT = dwarf;
				ENABLE_STRICT_OBJC_MSGSEND = YES;
				ENABLE_TESTABILITY = YES;
				GCC_C_LANGUAGE_STANDARD = gnu11;
				GCC_DYNAMIC_NO_PIC = NO;
				GCC_NO_COMMON_BLOCKS = YES;
				GCC_OPTIMIZATION_LEVEL = 0;
				GCC_PREPROCESSOR_DEFINITIONS = (
					"DEBUG=1",
					"$(inherited)",
				);
				GCC_WARN_64_TO_32_BIT_CONVERSION = YES;
				GCC_WARN_ABOUT_RETURN_TYPE = YES_ERROR;
				GCC_WARN_UNDECLARED_SELECTOR = YES;
				GCC_WARN_UNINITIALIZED_AUTOS = YES_AGGRESSIVE;
				GCC_WARN_UNUSED_FUNCTION = YES;
				GCC_WARN_UNUSED_VARIABLE = YES;
				IPHONEOS_DEPLOYMENT_TARGET = 14.5;
				MTL_ENABLE_DEBUG_INFO = INCLUDE_SOURCE;
				MTL_FAST_MATH = YES;
				ONLY_ACTIVE_ARCH = YES;
				SDKROOT = iphoneos;
				SWIFT_ACTIVE_COMPILATION_CONDITIONS = DEBUG;
				SWIFT_OPTIMIZATION_LEVEL = "-Onone";
			};
			name = Debug;
		};
		6A640BB6268FFD7B00A4CE6A /* Release */ = {
			isa = XCBuildConfiguration;
			buildSettings = {
				ALWAYS_SEARCH_USER_PATHS = NO;
				CLANG_ANALYZER_NONNULL = YES;
				CLANG_ANALYZER_NUMBER_OBJECT_CONVERSION = YES_AGGRESSIVE;
				CLANG_CXX_LANGUAGE_STANDARD = "gnu++14";
				CLANG_CXX_LIBRARY = "libc++";
				CLANG_ENABLE_MODULES = YES;
				CLANG_ENABLE_OBJC_ARC = YES;
				CLANG_ENABLE_OBJC_WEAK = YES;
				CLANG_WARN_BLOCK_CAPTURE_AUTORELEASING = YES;
				CLANG_WARN_BOOL_CONVERSION = YES;
				CLANG_WARN_COMMA = YES;
				CLANG_WARN_CONSTANT_CONVERSION = YES;
				CLANG_WARN_DEPRECATED_OBJC_IMPLEMENTATIONS = YES;
				CLANG_WARN_DIRECT_OBJC_ISA_USAGE = YES_ERROR;
				CLANG_WARN_DOCUMENTATION_COMMENTS = YES;
				CLANG_WARN_EMPTY_BODY = YES;
				CLANG_WARN_ENUM_CONVERSION = YES;
				CLANG_WARN_INFINITE_RECURSION = YES;
				CLANG_WARN_INT_CONVERSION = YES;
				CLANG_WARN_NON_LITERAL_NULL_CONVERSION = YES;
				CLANG_WARN_OBJC_IMPLICIT_RETAIN_SELF = YES;
				CLANG_WARN_OBJC_LITERAL_CONVERSION = YES;
				CLANG_WARN_OBJC_ROOT_CLASS = YES_ERROR;
				CLANG_WARN_QUOTED_INCLUDE_IN_FRAMEWORK_HEADER = YES;
				CLANG_WARN_RANGE_LOOP_ANALYSIS = YES;
				CLANG_WARN_STRICT_PROTOTYPES = YES;
				CLANG_WARN_SUSPICIOUS_MOVE = YES;
				CLANG_WARN_UNGUARDED_AVAILABILITY = YES_AGGRESSIVE;
				CLANG_WARN_UNREACHABLE_CODE = YES;
				CLANG_WARN__DUPLICATE_METHOD_MATCH = YES;
				COPY_PHASE_STRIP = NO;
				DEBUG_INFORMATION_FORMAT = "dwarf-with-dsym";
				ENABLE_NS_ASSERTIONS = NO;
				ENABLE_STRICT_OBJC_MSGSEND = YES;
				GCC_C_LANGUAGE_STANDARD = gnu11;
				GCC_NO_COMMON_BLOCKS = YES;
				GCC_WARN_64_TO_32_BIT_CONVERSION = YES;
				GCC_WARN_ABOUT_RETURN_TYPE = YES_ERROR;
				GCC_WARN_UNDECLARED_SELECTOR = YES;
				GCC_WARN_UNINITIALIZED_AUTOS = YES_AGGRESSIVE;
				GCC_WARN_UNUSED_FUNCTION = YES;
				GCC_WARN_UNUSED_VARIABLE = YES;
				IPHONEOS_DEPLOYMENT_TARGET = 14.5;
				MTL_ENABLE_DEBUG_INFO = NO;
				MTL_FAST_MATH = YES;
				SDKROOT = iphoneos;
				SWIFT_COMPILATION_MODE = wholemodule;
				SWIFT_OPTIMIZATION_LEVEL = "-O";
				VALIDATE_PRODUCT = YES;
			};
			name = Release;
		};
		6A640BB8268FFD7B00A4CE6A /* Debug */ = {
			isa = XCBuildConfiguration;
			buildSettings = {
				ASSETCATALOG_COMPILER_APPICON_NAME = AppIcon;
				ASSETCATALOG_COMPILER_GLOBAL_ACCENT_COLOR_NAME = AccentColor;
				CODE_SIGN_STYLE = Automatic;
				DEVELOPMENT_ASSET_PATHS = "\"Friends 2/Preview Content\"";
				DEVELOPMENT_TEAM = 37DC4929N8;
				ENABLE_PREVIEWS = YES;
				INFOPLIST_FILE = "Friends 2/Info.plist";
				IPHONEOS_DEPLOYMENT_TARGET = 14.0;
				LD_RUNPATH_SEARCH_PATHS = (
					"$(inherited)",
					"@executable_path/Frameworks",
				);
				PRODUCT_BUNDLE_IDENTIFIER = "sg.ri.nianny.Friends-2";
				PRODUCT_NAME = "$(TARGET_NAME)";
				SWIFT_VERSION = 5.0;
				TARGETED_DEVICE_FAMILY = "1,2";
			};
			name = Debug;
		};
		6A640BB9268FFD7B00A4CE6A /* Release */ = {
			isa = XCBuildConfiguration;
			buildSettings = {
				ASSETCATALOG_COMPILER_APPICON_NAME = AppIcon;
				ASSETCATALOG_COMPILER_GLOBAL_ACCENT_COLOR_NAME = AccentColor;
				CODE_SIGN_STYLE = Automatic;
				DEVELOPMENT_ASSET_PATHS = "\"Friends 2/Preview Content\"";
				DEVELOPMENT_TEAM = 37DC4929N8;
				ENABLE_PREVIEWS = YES;
				INFOPLIST_FILE = "Friends 2/Info.plist";
				IPHONEOS_DEPLOYMENT_TARGET = 14.0;
				LD_RUNPATH_SEARCH_PATHS = (
					"$(inherited)",
					"@executable_path/Frameworks",
				);
				PRODUCT_BUNDLE_IDENTIFIER = "sg.ri.nianny.Friends-2";
				PRODUCT_NAME = "$(TARGET_NAME)";
				SWIFT_VERSION = 5.0;
				TARGETED_DEVICE_FAMILY = "1,2";
			};
			name = Release;
		};
/* End XCBuildConfiguration section */

/* Begin XCConfigurationList section */
		6A640BA3268FFD7900A4CE6A /* Build configuration list for PBXProject "Friends 2" */ = {
			isa = XCConfigurationList;
			buildConfigurations = (
				6A640BB5268FFD7B00A4CE6A /* Debug */,
				6A640BB6268FFD7B00A4CE6A /* Release */,
			);
			defaultConfigurationIsVisible = 0;
			defaultConfigurationName = Release;
		};
		6A640BB7268FFD7B00A4CE6A /* Build configuration list for PBXNativeTarget "Friends 2" */ = {
			isa = XCConfigurationList;
			buildConfigurations = (
				6A640BB8268FFD7B00A4CE6A /* Debug */,
				6A640BB9268FFD7B00A4CE6A /* Release */,
			);
			defaultConfigurationIsVisible = 0;
			defaultConfigurationName = Release;
		};
/* End XCConfigurationList section */
	};
	rootObject = 6A640BA0268FFD7900A4CE6A /* Project object */;
}
